
Microsoft Visual Studio Solution File, Format Version 12.00
# Visual Studio 14
VisualStudioVersion = 14.0.24720.0
MinimumVisualStudioVersion = 10.0.40219.1
Project("{FAE04EC0-301F-11D3-BF4B-00C04F79EFBC}") = "Spiral_Matrix", "Spiral_Matrix\Spiral_Matrix.csproj", "{58BB7F65-82B7-4207-9E0F-5DBF2E1A133A}"
EndProject
Project("{FAE04EC0-301F-11D3-BF4B-00C04F79EFBC}") = "Factorial", "Factorial\Factorial.csproj", "{C7B9240C-4303-4CA9-93E3-0DD8E3285C39}"
EndProject
Project("{FAE04EC0-301F-11D3-BF4B-00C04F79EFBC}") = "Double_Linked_List", "Double_Linked_List\Double_Linked_List.csproj", "{A2FF8A06-48FF-4D35-B629-8FFE293A76FF}"
EndProject
Project("{FAE04EC0-301F-11D3-BF4B-00C04F79EFBC}") = "Suffix_Trie", "Suffix_Trie\Suffix_Trie.csproj", "{AC4C0EA6-55C5-4841-9408-4F6E60448EF0}"
EndProject
Project("{FAE04EC0-301F-11D3-BF4B-00C04F79EFBC}") = "Selection_Sort", "Selection_Sort\Selection_Sort.csproj", "{D6CB3214-EE4E-48F3-8A31-0CE8937726AB}"
EndProject
Project("{FAE04EC0-301F-11D3-BF4B-00C04F79EFBC}") = "Binary_Search", "Binary_Search\Binary_Search.csproj", "{37FCBDE9-9DF2-4025-B86A-3929F9501506}"
EndProject
Project("{FAE04EC0-301F-11D3-BF4B-00C04F79EFBC}") = "Bubble_Sort", "Bubble_Sort\Bubble_Sort.csproj", "{2C801311-A435-4140-8366-111F0CE8AC5D}"
EndProject
Project("{FAE04EC0-301F-11D3-BF4B-00C04F79EFBC}") = "Dijkstras_Algorithm", "Dijkstras_Algorithm\Dijkstras_Algorithm.csproj", "{6F8A7368-14B3-4539-8279-368294A1CE29}"
EndProject
Global
	GlobalSection(SolutionConfigurationPlatforms) = preSolution
		Debug|Any CPU = Debug|Any CPU
		Release|Any CPU = Release|Any CPU
	EndGlobalSection
	GlobalSection(ProjectConfigurationPlatforms) = postSolution
		{58BB7F65-82B7-4207-9E0F-5DBF2E1A133A}.Debug|Any CPU.ActiveCfg = Debug|Any CPU
		{58BB7F65-82B7-4207-9E0F-5DBF2E1A133A}.Debug|Any CPU.Build.0 = Debug|Any CPU
		{58BB7F65-82B7-4207-9E0F-5DBF2E1A133A}.Release|Any CPU.ActiveCfg = Release|Any CPU
		{58BB7F65-82B7-4207-9E0F-5DBF2E1A133A}.Release|Any CPU.Build.0 = Release|Any CPU
		{C7B9240C-4303-4CA9-93E3-0DD8E3285C39}.Debug|Any CPU.ActiveCfg = Debug|Any CPU
		{C7B9240C-4303-4CA9-93E3-0DD8E3285C39}.Debug|Any CPU.Build.0 = Debug|Any CPU
		{C7B9240C-4303-4CA9-93E3-0DD8E3285C39}.Release|Any CPU.ActiveCfg = Release|Any CPU
		{C7B9240C-4303-4CA9-93E3-0DD8E3285C39}.Release|Any CPU.Build.0 = Release|Any CPU
		{A2FF8A06-48FF-4D35-B629-8FFE293A76FF}.Debug|Any CPU.ActiveCfg = Debug|Any CPU
		{A2FF8A06-48FF-4D35-B629-8FFE293A76FF}.Debug|Any CPU.Build.0 = Debug|Any CPU
		{A2FF8A06-48FF-4D35-B629-8FFE293A76FF}.Release|Any CPU.ActiveCfg = Release|Any CPU
		{A2FF8A06-48FF-4D35-B629-8FFE293A76FF}.Release|Any CPU.Build.0 = Release|Any CPU
		{AC4C0EA6-55C5-4841-9408-4F6E60448EF0}.Debug|Any CPU.ActiveCfg = Debug|Any CPU
		{AC4C0EA6-55C5-4841-9408-4F6E60448EF0}.Debug|Any CPU.Build.0 = Debug|Any CPU
		{AC4C0EA6-55C5-4841-9408-4F6E60448EF0}.Release|Any CPU.ActiveCfg = Release|Any CPU
		{AC4C0EA6-55C5-4841-9408-4F6E60448EF0}.Release|Any CPU.Build.0 = Release|Any CPU
		{D6CB3214-EE4E-48F3-8A31-0CE8937726AB}.Debug|Any CPU.ActiveCfg = Debug|Any CPU
		{D6CB3214-EE4E-48F3-8A31-0CE8937726AB}.Debug|Any CPU.Build.0 = Debug|Any CPU
		{D6CB3214-EE4E-48F3-8A31-0CE8937726AB}.Release|Any CPU.ActiveCfg = Release|Any CPU
		{D6CB3214-EE4E-48F3-8A31-0CE8937726AB}.Release|Any CPU.Build.0 = Release|Any CPU
		{37FCBDE9-9DF2-4025-B86A-3929F9501506}.Debug|Any CPU.ActiveCfg = Debug|Any CPU
		{37FCBDE9-9DF2-4025-B86A-3929F9501506}.Debug|Any CPU.Build.0 = Debug|Any CPU
		{37FCBDE9-9DF2-4025-B86A-3929F9501506}.Release|Any CPU.ActiveCfg = Release|Any CPU
		{37FCBDE9-9DF2-4025-B86A-3929F9501506}.Release|Any CPU.Build.0 = Release|Any CPU
		{2C801311-A435-4140-8366-111F0CE8AC5D}.Debug|Any CPU.ActiveCfg = Debug|Any CPU
		{2C801311-A435-4140-8366-111F0CE8AC5D}.Debug|Any CPU.Build.0 = Debug|Any CPU
		{2C801311-A435-4140-8366-111F0CE8AC5D}.Release|Any CPU.ActiveCfg = Release|Any CPU
		{2C801311-A435-4140-8366-111F0CE8AC5D}.Release|Any CPU.Build.0 = Release|Any CPU
		{6F8A7368-14B3-4539-8279-368294A1CE29}.Debug|Any CPU.ActiveCfg = Debug|Any CPU
		{6F8A7368-14B3-4539-8279-368294A1CE29}.Debug|Any CPU.Build.0 = Debug|Any CPU
		{6F8A7368-14B3-4539-8279-368294A1CE29}.Release|Any CPU.ActiveCfg = Release|Any CPU
		{6F8A7368-14B3-4539-8279-368294A1CE29}.Release|Any CPU.Build.0 = Release|Any CPU
	EndGlobalSection
	GlobalSection(SolutionProperties) = preSolution
		HideSolutionNode = FALSE
	EndGlobalSection
EndGlobal
